
Microsoft Visual Studio Solution File, Format Version 12.00
# Visual Studio Version 17
VisualStudioVersion = 17.5.33530.505
MinimumVisualStudioVersion = 10.0.40219.1
Project("{FAE04EC0-301F-11D3-BF4B-00C04F79EFBC}") = "PinBot", "PinBot\PinBot.csproj", "{0C2E57CF-7DC4-4D21-BE3D-AA10DB50D730}"
EndProject
Project("{FAE04EC0-301F-11D3-BF4B-00C04F79EFBC}") = "PinBot.Models", "PinBot.Models\PinBot.Models.csproj", "{58FFACE5-CC25-4D48-9A31-2E62B362A55B}"
EndProject
Global
	GlobalSection(SolutionConfigurationPlatforms) = preSolution
		Debug|Any CPU = Debug|Any CPU
		Release|Any CPU = Release|Any CPU
	EndGlobalSection
	GlobalSection(ProjectConfigurationPlatforms) = postSolution
		{0C2E57CF-7DC4-4D21-BE3D-AA10DB50D730}.Debug|Any CPU.ActiveCfg = Debug|Any CPU
		{0C2E57CF-7DC4-4D21-BE3D-AA10DB50D730}.Debug|Any CPU.Build.0 = Debug|Any CPU
		{0C2E57CF-7DC4-4D21-BE3D-AA10DB50D730}.Release|Any CPU.ActiveCfg = Release|Any CPU
		{0C2E57CF-7DC4-4D21-BE3D-AA10DB50D730}.Release|Any CPU.Build.0 = Release|Any CPU
		{58FFACE5-CC25-4D48-9A31-2E62B362A55B}.Debug|Any CPU.ActiveCfg = Debug|Any CPU
		{58FFACE5-CC25-4D48-9A31-2E62B362A55B}.Debug|Any CPU.Build.0 = Debug|Any CPU
		{58FFACE5-CC25-4D48-9A31-2E62B362A55B}.Release|Any CPU.ActiveCfg = Release|Any CPU
		{58FFACE5-CC25-4D48-9A31-2E62B362A55B}.Release|Any CPU.Build.0 = Release|Any CPU
	EndGlobalSection
	GlobalSection(SolutionProperties) = preSolution
		HideSolutionNode = FALSE
	EndGlobalSection
	GlobalSection(ExtensibilityGlobals) = postSolution
		SolutionGuid = {5D80EB2F-EBE7-440D-81E9-660EC897AFB0}
	EndGlobalSection
EndGlobal
